PODS:
  - MBProgressHUD (0.9)
  - SWRevealViewController (2.0.2)

DEPENDENCIES:
  - MBProgressHUD (~> 0.8)
  - SWRevealViewController (~> 2.0.0)

SPEC CHECKSUMS:
  MBProgressHUD: 2038dbcf3dce73215abed6001657043d53aa79a8
  SWRevealViewController: 119ab2751108a95071b01d24967920af54ebe96e

COCOAPODS: 0.34.2
