PODS:
  - AFNetworking/Reachability (2.4.1)
  - Bolts (1.1.2)
  - Facebook-iOS-SDK (3.19.0):
    - Bolts (~> 1.0)
  - MBProgressHUD (0.9)
  - Parse (1.4.1):
    - Bolts (~> 1.1.2)
  - Parse-iOS (1.3.0.1):
    - Bolts (~> 1.1.2)
  - ParseFacebookUtils (1.4.1):
    - Facebook-iOS-SDK (~> 3.17.0)
    - Parse (~> 1.4.1)

DEPENDENCIES:
  - AFNetworking/Reachability
  - Facebook-iOS-SDK
  - MBProgressHUD (~> 0.8)
  - Parse-iOS
  - ParseFacebookUtils

SPEC CHECKSUMS:
  AFNetworking: 0aabc6fae66d6e5d039eeb21c315843c7aae51ab
  Bolts: 2635e8698a630774689441047f3465d78c48d485
  Facebook-iOS-SDK: cb7d74759d0b1ba546e6e6f1dde407b0d4e448d6
  MBProgressHUD: 2038dbcf3dce73215abed6001657043d53aa79a8
  Parse: db1a09c832b7509edcc88a65dc07229f5e578c73
  Parse-iOS: 92c08e7a60ee29dd499e3ab187f14d58027f98da
  ParseFacebookUtils: 625da00d0f36a34e25ebae7f543385a0f19ccf1e

COCOAPODS: 0.33.1
