// !$*UTF8*$!
{
	archiveVersion = 1;
	classes = {
	};
	objectVersion = 46;
	objects = {

/* Begin PBXBuildFile section */
		8E5C67D8352347CEB581741F /* libPods-TuduList.a in Frameworks */ = {isa = PBXBuildFile; fileRef = 65FDD0B7B4CE452181F99F17 /* libPods-TuduList.a */; };
		922A8D0819E4166300060C1C /* CoreData.framework in Frameworks */ = {isa = PBXBuildFile; fileRef = 922A8D0719E4166300060C1C /* CoreData.framework */; };
		92668E3519BA2F6500234DDD /* TuduItemsViewController.swift in Sources */ = {isa = PBXBuildFile; fileRef = 92668E3419BA2F6500234DDD /* TuduItemsViewController.swift */; };
		926C749A19B763A500FD2A97 /* AppDelegate.swift in Sources */ = {isa = PBXBuildFile; fileRef = 926C749919B763A500FD2A97 /* AppDelegate.swift */; };
		926C749C19B763A500FD2A97 /* LoginViewController.swift in Sources */ = {isa = PBXBuildFile; fileRef = 926C749B19B763A500FD2A97 /* LoginViewController.swift */; };
		926C749F19B763A500FD2A97 /* Main.storyboard in Resources */ = {isa = PBXBuildFile; fileRef = 926C749D19B763A500FD2A97 /* Main.storyboard */; };
		926C74A119B763A500FD2A97 /* Images.xcassets in Resources */ = {isa = PBXBuildFile; fileRef = 926C74A019B763A500FD2A97 /* Images.xcassets */; };
		926C74AD19B763A600FD2A97 /* TuduListTests.swift in Sources */ = {isa = PBXBuildFile; fileRef = 926C74AC19B763A600FD2A97 /* TuduListTests.swift */; };
		928CF1B519E34D930070FD29 /* DataModel.xcdatamodeld in Sources */ = {isa = PBXBuildFile; fileRef = 928CF1B319E34D930070FD29 /* DataModel.xcdatamodeld */; };
		928CF1BA19E3644F0070FD29 /* TuduItem.swift in Sources */ = {isa = PBXBuildFile; fileRef = 928CF1B919E3644F0070FD29 /* TuduItem.swift */; };
		92A8717419E327AB00E00807 /* TuduListCell.swift in Sources */ = {isa = PBXBuildFile; fileRef = 92A8717319E327AB00E00807 /* TuduListCell.swift */; };
		92B309EF19BA59A000ECC076 /* ItemDetailViewController.swift in Sources */ = {isa = PBXBuildFile; fileRef = 92B309EE19BA59A000ECC076 /* ItemDetailViewController.swift */; };
		92CA6F0D19E4AA27003E9B5A /* HUDView.swift in Sources */ = {isa = PBXBuildFile; fileRef = 92CA6F0C19E4AA27003E9B5A /* HUDView.swift */; };
/* End PBXBuildFile section */

/* Begin PBXContainerItemProxy section */
		926C74A719B763A600FD2A97 /* PBXContainerItemProxy */ = {
			isa = PBXContainerItemProxy;
			containerPortal = 926C748C19B763A500FD2A97 /* Project object */;
			proxyType = 1;
			remoteGlobalIDString = 926C749319B763A500FD2A97;
			remoteInfo = TuduList;
		};
/* End PBXContainerItemProxy section */

/* Begin PBXFileReference section */
		65FDD0B7B4CE452181F99F17 /* libPods-TuduList.a */ = {isa = PBXFileReference; explicitFileType = archive.ar; includeInIndex = 0; path = "libPods-TuduList.a"; sourceTree = BUILT_PRODUCTS_DIR; };
		79677C08E4D34A549058351A /* Pods-TuduList.xcconfig */ = {isa = PBXFileReference; includeInIndex = 1; lastKnownFileType = text.xcconfig; name = "Pods-TuduList.xcconfig"; path = "Pods/Pods-TuduList.xcconfig"; sourceTree = "<group>"; };
		9200A83E19B7658600971EE7 /* TuduList-Bridging-Header.h */ = {isa = PBXFileReference; lastKnownFileType = sourcecode.c.h; path = "TuduList-Bridging-Header.h"; sourceTree = "<group>"; };
		922A8D0719E4166300060C1C /* CoreData.framework */ = {isa = PBXFileReference; lastKnownFileType = wrapper.framework; name = CoreData.framework; path = System/Library/Frameworks/CoreData.framework; sourceTree = SDKROOT; };
		92668E3419BA2F6500234DDD /* TuduItemsViewController.swift */ = {isa = PBXFileReference; fileEncoding = 4; lastKnownFileType = sourcecode.swift; path = TuduItemsViewController.swift; sourceTree = "<group>"; };
		926C749419B763A500FD2A97 /* TuduList.app */ = {isa = PBXFileReference; explicitFileType = wrapper.application; includeInIndex = 0; path = TuduList.app; sourceTree = BUILT_PRODUCTS_DIR; };
		926C749819B763A500FD2A97 /* Info.plist */ = {isa = PBXFileReference; lastKnownFileType = text.plist.xml; path = Info.plist; sourceTree = "<group>"; };
		926C749919B763A500FD2A97 /* AppDelegate.swift */ = {isa = PBXFileReference; lastKnownFileType = sourcecode.swift; path = AppDelegate.swift; sourceTree = "<group>"; };
		926C749B19B763A500FD2A97 /* LoginViewController.swift */ = {isa = PBXFileReference; lastKnownFileType = sourcecode.swift; path = LoginViewController.swift; sourceTree = "<group>"; };
		926C749E19B763A500FD2A97 /* Base */ = {isa = PBXFileReference; lastKnownFileType = file.storyboard; name = Base; path = Base.lproj/Main.storyboard; sourceTree = "<group>"; };
		926C74A019B763A500FD2A97 /* Images.xcassets */ = {isa = PBXFileReference; lastKnownFileType = folder.assetcatalog; path = Images.xcassets; sourceTree = "<group>"; };
		926C74A619B763A500FD2A97 /* TuduListTests.xctest */ = {isa = PBXFileReference; explicitFileType = wrapper.cfbundle; includeInIndex = 0; path = TuduListTests.xctest; sourceTree = BUILT_PRODUCTS_DIR; };
		926C74AB19B763A600FD2A97 /* Info.plist */ = {isa = PBXFileReference; lastKnownFileType = text.plist.xml; path = Info.plist; sourceTree = "<group>"; };
		926C74AC19B763A600FD2A97 /* TuduListTests.swift */ = {isa = PBXFileReference; lastKnownFileType = sourcecode.swift; path = TuduListTests.swift; sourceTree = "<group>"; };
		928CF1B419E34D930070FD29 /* DataModel.xcdatamodel */ = {isa = PBXFileReference; lastKnownFileType = wrapper.xcdatamodel; path = DataModel.xcdatamodel; sourceTree = "<group>"; };
		928CF1B919E3644F0070FD29 /* TuduItem.swift */ = {isa = PBXFileReference; fileEncoding = 4; lastKnownFileType = sourcecode.swift; path = TuduItem.swift; sourceTree = "<group>"; };
		92A8717319E327AB00E00807 /* TuduListCell.swift */ = {isa = PBXFileReference; fileEncoding = 4; lastKnownFileType = sourcecode.swift; path = TuduListCell.swift; sourceTree = "<group>"; };
		92B309EE19BA59A000ECC076 /* ItemDetailViewController.swift */ = {isa = PBXFileReference; fileEncoding = 4; lastKnownFileType = sourcecode.swift; path = ItemDetailViewController.swift; sourceTree = "<group>"; };
		92CA6F0C19E4AA27003E9B5A /* HUDView.swift */ = {isa = PBXFileReference; fileEncoding = 4; lastKnownFileType = sourcecode.swift; path = HUDView.swift; sourceTree = "<group>"; };
/* End PBXFileReference section */

/* Begin PBXFrameworksBuildPhase section */
		926C749119B763A500FD2A97 /* Frameworks */ = {
			isa = PBXFrameworksBuildPhase;
			buildActionMask = 2147483647;
			files = (
				922A8D0819E4166300060C1C /* CoreData.framework in Frameworks */,
				8E5C67D8352347CEB581741F /* libPods-TuduList.a in Frameworks */,
			);
			runOnlyForDeploymentPostprocessing = 0;
		};
		926C74A319B763A500FD2A97 /* Frameworks */ = {
			isa = PBXFrameworksBuildPhase;
			buildActionMask = 2147483647;
			files = (
			);
			runOnlyForDeploymentPostprocessing = 0;
		};
/* End PBXFrameworksBuildPhase section */

/* Begin PBXGroup section */
		70AC8F6A499946338889590B /* Frameworks */ = {
			isa = PBXGroup;
			children = (
				922A8D0719E4166300060C1C /* CoreData.framework */,
				65FDD0B7B4CE452181F99F17 /* libPods-TuduList.a */,
			);
			name = Frameworks;
			sourceTree = "<group>";
		};
		9200A83D19B7657000971EE7 /* BridgeFile */ = {
			isa = PBXGroup;
			children = (
				9200A83E19B7658600971EE7 /* TuduList-Bridging-Header.h */,
			);
			name = BridgeFile;
			sourceTree = "<group>";
		};
		926C748B19B763A500FD2A97 = {
			isa = PBXGroup;
			children = (
				926C749619B763A500FD2A97 /* TuduList */,
				926C74A919B763A600FD2A97 /* TuduListTests */,
				926C749519B763A500FD2A97 /* Products */,
				79677C08E4D34A549058351A /* Pods-TuduList.xcconfig */,
				70AC8F6A499946338889590B /* Frameworks */,
			);
			sourceTree = "<group>";
		};
		926C749519B763A500FD2A97 /* Products */ = {
			isa = PBXGroup;
			children = (
				926C749419B763A500FD2A97 /* TuduList.app */,
				926C74A619B763A500FD2A97 /* TuduListTests.xctest */,
			);
			name = Products;
			sourceTree = "<group>";
		};
		926C749619B763A500FD2A97 /* TuduList */ = {
			isa = PBXGroup;
			children = (
				92CA6F0B19E4A84A003E9B5A /* CustomViews */,
				928CF1B219E34D810070FD29 /* DataModel */,
				92DA4BB819E34A3F00F3090F /* Models */,
				926F509519B77F9A00A55D8B /* CustomCells */,
				926F509219B77F7100A55D8B /* Controllers */,
				9200A83D19B7657000971EE7 /* BridgeFile */,
				926C749919B763A500FD2A97 /* AppDelegate.swift */,
				926C749D19B763A500FD2A97 /* Main.storyboard */,
				926C74A019B763A500FD2A97 /* Images.xcassets */,
				926C749719B763A500FD2A97 /* Supporting Files */,
			);
			path = TuduList;
			sourceTree = "<group>";
		};
		926C749719B763A500FD2A97 /* Supporting Files */ = {
			isa = PBXGroup;
			children = (
				926C749819B763A500FD2A97 /* Info.plist */,
			);
			name = "Supporting Files";
			sourceTree = "<group>";
		};
		926C74A919B763A600FD2A97 /* TuduListTests */ = {
			isa = PBXGroup;
			children = (
				926C74AC19B763A600FD2A97 /* TuduListTests.swift */,
				926C74AA19B763A600FD2A97 /* Supporting Files */,
			);
			path = TuduListTests;
			sourceTree = "<group>";
		};
		926C74AA19B763A600FD2A97 /* Supporting Files */ = {
			isa = PBXGroup;
			children = (
				926C74AB19B763A600FD2A97 /* Info.plist */,
			);
			name = "Supporting Files";
			sourceTree = "<group>";
		};
		926F509219B77F7100A55D8B /* Controllers */ = {
			isa = PBXGroup;
			children = (
				926C749B19B763A500FD2A97 /* LoginViewController.swift */,
				92668E3419BA2F6500234DDD /* TuduItemsViewController.swift */,
				92B309EE19BA59A000ECC076 /* ItemDetailViewController.swift */,
			);
			name = Controllers;
			sourceTree = "<group>";
		};
		926F509519B77F9A00A55D8B /* CustomCells */ = {
			isa = PBXGroup;
			children = (
				92A8717319E327AB00E00807 /* TuduListCell.swift */,
			);
			name = CustomCells;
			sourceTree = "<group>";
		};
		928CF1B219E34D810070FD29 /* DataModel */ = {
			isa = PBXGroup;
			children = (
				928CF1B319E34D930070FD29 /* DataModel.xcdatamodeld */,
				928CF1B919E3644F0070FD29 /* TuduItem.swift */,
			);
			name = DataModel;
			sourceTree = "<group>";
		};
		92CA6F0B19E4A84A003E9B5A /* CustomViews */ = {
			isa = PBXGroup;
			children = (
				92CA6F0C19E4AA27003E9B5A /* HUDView.swift */,
			);
			name = CustomViews;
			sourceTree = "<group>";
		};
		92DA4BB819E34A3F00F3090F /* Models */ = {
			isa = PBXGroup;
			children = (
			);
			name = Models;
			sourceTree = "<group>";
		};
/* End PBXGroup section */

/* Begin PBXNativeTarget section */
		926C749319B763A500FD2A97 /* TuduList */ = {
			isa = PBXNativeTarget;
			buildConfigurationList = 926C74B019B763A600FD2A97 /* Build configuration list for PBXNativeTarget "TuduList" */;
			buildPhases = (
				9A7F079A44C04BFAB1B601ED /* Check Pods Manifest.lock */,
				926C749019B763A500FD2A97 /* Sources */,
				926C749119B763A500FD2A97 /* Frameworks */,
				926C749219B763A500FD2A97 /* Resources */,
				50CF63BEF6184FE0ACDA4F0F /* Copy Pods Resources */,
			);
			buildRules = (
			);
			dependencies = (
			);
			name = TuduList;
			productName = TuduList;
			productReference = 926C749419B763A500FD2A97 /* TuduList.app */;
			productType = "com.apple.product-type.application";
		};
		926C74A519B763A500FD2A97 /* TuduListTests */ = {
			isa = PBXNativeTarget;
			buildConfigurationList = 926C74B319B763A600FD2A97 /* Build configuration list for PBXNativeTarget "TuduListTests" */;
			buildPhases = (
				926C74A219B763A500FD2A97 /* Sources */,
				926C74A319B763A500FD2A97 /* Frameworks */,
				926C74A419B763A500FD2A97 /* Resources */,
			);
			buildRules = (
			);
			dependencies = (
				926C74A819B763A600FD2A97 /* PBXTargetDependency */,
			);
			name = TuduListTests;
			productName = TuduListTests;
			productReference = 926C74A619B763A500FD2A97 /* TuduListTests.xctest */;
			productType = "com.apple.product-type.bundle.unit-test";
		};
/* End PBXNativeTarget section */

/* Begin PBXProject section */
		926C748C19B763A500FD2A97 /* Project object */ = {
			isa = PBXProject;
			attributes = {
				LastUpgradeCheck = 0600;
				ORGANIZATIONNAME = "Bruno Paulino";
				TargetAttributes = {
					926C749319B763A500FD2A97 = {
						CreatedOnToolsVersion = 6.0;
					};
					926C74A519B763A500FD2A97 = {
						CreatedOnToolsVersion = 6.0;
						TestTargetID = 926C749319B763A500FD2A97;
					};
				};
			};
			buildConfigurationList = 926C748F19B763A500FD2A97 /* Build configuration list for PBXProject "TuduList" */;
			compatibilityVersion = "Xcode 3.2";
			developmentRegion = English;
			hasScannedForEncodings = 0;
			knownRegions = (
				en,
				Base,
			);
			mainGroup = 926C748B19B763A500FD2A97;
			productRefGroup = 926C749519B763A500FD2A97 /* Products */;
			projectDirPath = "";
			projectRoot = "";
			targets = (
				926C749319B763A500FD2A97 /* TuduList */,
				926C74A519B763A500FD2A97 /* TuduListTests */,
			);
		};
/* End PBXProject section */

/* Begin PBXResourcesBuildPhase section */
		926C749219B763A500FD2A97 /* Resources */ = {
			isa = PBXResourcesBuildPhase;
			buildActionMask = 2147483647;
			files = (
				926C749F19B763A500FD2A97 /* Main.storyboard in Resources */,
				926C74A119B763A500FD2A97 /* Images.xcassets in Resources */,
			);
			runOnlyForDeploymentPostprocessing = 0;
		};
		926C74A419B763A500FD2A97 /* Resources */ = {
			isa = PBXResourcesBuildPhase;
			buildActionMask = 2147483647;
			files = (
			);
			runOnlyForDeploymentPostprocessing = 0;
		};
/* End PBXResourcesBuildPhase section */

/* Begin PBXShellScriptBuildPhase section */
		50CF63BEF6184FE0ACDA4F0F /* Copy Pods Resources */ = {
			isa = PBXShellScriptBuildPhase;
			buildActionMask = 2147483647;
			files = (
			);
			inputPaths = (
			);
			name = "Copy Pods Resources";
			outputPaths = (
			);
			runOnlyForDeploymentPostprocessing = 0;
			shellPath = /bin/sh;
			shellScript = "\"${SRCROOT}/Pods/Pods-TuduList-resources.sh\"\n";
			showEnvVarsInLog = 0;
		};
		9A7F079A44C04BFAB1B601ED /* Check Pods Manifest.lock */ = {
			isa = PBXShellScriptBuildPhase;
			buildActionMask = 2147483647;
			files = (
			);
			inputPaths = (
			);
			name = "Check Pods Manifest.lock";
			outputPaths = (
			);
			runOnlyForDeploymentPostprocessing = 0;
			shellPath = /bin/sh;
			shellScript = "diff \"${PODS_ROOT}/../Podfile.lock\" \"${PODS_ROOT}/Manifest.lock\" > /dev/null\nif [[ $? != 0 ]] ; then\n    cat << EOM\nerror: The sandbox is not in sync with the Podfile.lock. Run 'pod install' or update your CocoaPods installation.\nEOM\n    exit 1\nfi\n";
			showEnvVarsInLog = 0;
		};
/* End PBXShellScriptBuildPhase section */

/* Begin PBXSourcesBuildPhase section */
		926C749019B763A500FD2A97 /* Sources */ = {
			isa = PBXSourcesBuildPhase;
			buildActionMask = 2147483647;
			files = (
				92B309EF19BA59A000ECC076 /* ItemDetailViewController.swift in Sources */,
				928CF1BA19E3644F0070FD29 /* TuduItem.swift in Sources */,
				926C749C19B763A500FD2A97 /* LoginViewController.swift in Sources */,
				926C749A19B763A500FD2A97 /* AppDelegate.swift in Sources */,
				92CA6F0D19E4AA27003E9B5A /* HUDView.swift in Sources */,
				928CF1B519E34D930070FD29 /* DataModel.xcdatamodeld in Sources */,
				92A8717419E327AB00E00807 /* TuduListCell.swift in Sources */,
				92668E3519BA2F6500234DDD /* TuduItemsViewController.swift in Sources */,
			);
			runOnlyForDeploymentPostprocessing = 0;
		};
		926C74A219B763A500FD2A97 /* Sources */ = {
			isa = PBXSourcesBuildPhase;
			buildActionMask = 2147483647;
			files = (
				926C74AD19B763A600FD2A97 /* TuduListTests.swift in Sources */,
			);
			runOnlyForDeploymentPostprocessing = 0;
		};
/* End PBXSourcesBuildPhase section */

/* Begin PBXTargetDependency section */
		926C74A819B763A600FD2A97 /* PBXTargetDependency */ = {
			isa = PBXTargetDependency;
			target = 926C749319B763A500FD2A97 /* TuduList */;
			targetProxy = 926C74A719B763A600FD2A97 /* PBXContainerItemProxy */;
		};
/* End PBXTargetDependency section */

/* Begin PBXVariantGroup section */
		926C749D19B763A500FD2A97 /* Main.storyboard */ = {
			isa = PBXVariantGroup;
			children = (
				926C749E19B763A500FD2A97 /* Base */,
			);
			name = Main.storyboard;
			sourceTree = "<group>";
		};
/* End PBXVariantGroup section */

/* Begin XCBuildConfiguration section */
		926C74AE19B763A600FD2A97 /* Debug */ = {
			isa = XCBuildConfiguration;
			buildSettings = {
				ALWAYS_SEARCH_USER_PATHS = NO;
				CLANG_CXX_LANGUAGE_STANDARD = "gnu++0x";
				CLANG_CXX_LIBRARY = "libc++";
				CLANG_ENABLE_MODULES = YES;
				CLANG_ENABLE_OBJC_ARC = YES;
				CLANG_WARN_BOOL_CONVERSION = YES;
				CLANG_WARN_CONSTANT_CONVERSION = YES;
				CLANG_WARN_DIRECT_OBJC_ISA_USAGE = YES_ERROR;
				CLANG_WARN_EMPTY_BODY = YES;
				CLANG_WARN_ENUM_CONVERSION = YES;
				CLANG_WARN_INT_CONVERSION = YES;
				CLANG_WARN_OBJC_ROOT_CLASS = YES_ERROR;
				CLANG_WARN_UNREACHABLE_CODE = YES;
				CLANG_WARN__DUPLICATE_METHOD_MATCH = YES;
				"CODE_SIGN_IDENTITY[sdk=iphoneos*]" = "iPhone Developer";
				COPY_PHASE_STRIP = NO;
				ENABLE_STRICT_OBJC_MSGSEND = YES;
				GCC_C_LANGUAGE_STANDARD = gnu99;
				GCC_DYNAMIC_NO_PIC = NO;
				GCC_OPTIMIZATION_LEVEL = 0;
				GCC_PREPROCESSOR_DEFINITIONS = (
					"DEBUG=1",
					"$(inherited)",
				);
				GCC_SYMBOLS_PRIVATE_EXTERN = NO;
				GCC_WARN_64_TO_32_BIT_CONVERSION = YES;
				GCC_WARN_ABOUT_RETURN_TYPE = YES_ERROR;
				GCC_WARN_UNDECLARED_SELECTOR = YES;
				GCC_WARN_UNINITIALIZED_AUTOS = YES_AGGRESSIVE;
				GCC_WARN_UNUSED_FUNCTION = YES;
				GCC_WARN_UNUSED_VARIABLE = YES;
				IPHONEOS_DEPLOYMENT_TARGET = 8.0;
				MTL_ENABLE_DEBUG_INFO = YES;
				ONLY_ACTIVE_ARCH = YES;
				SDKROOT = iphoneos;
				SWIFT_OPTIMIZATION_LEVEL = "-Onone";
			};
			name = Debug;
		};
		926C74AF19B763A600FD2A97 /* Release */ = {
			isa = XCBuildConfiguration;
			buildSettings = {
				ALWAYS_SEARCH_USER_PATHS = NO;
				CLANG_CXX_LANGUAGE_STANDARD = "gnu++0x";
				CLANG_CXX_LIBRARY = "libc++";
				CLANG_ENABLE_MODULES = YES;
				CLANG_ENABLE_OBJC_ARC = YES;
				CLANG_WARN_BOOL_CONVERSION = YES;
				CLANG_WARN_CONSTANT_CONVERSION = YES;
				CLANG_WARN_DIRECT_OBJC_ISA_USAGE = YES_ERROR;
				CLANG_WARN_EMPTY_BODY = YES;
				CLANG_WARN_ENUM_CONVERSION = YES;
				CLANG_WARN_INT_CONVERSION = YES;
				CLANG_WARN_OBJC_ROOT_CLASS = YES_ERROR;
				CLANG_WARN_UNREACHABLE_CODE = YES;
				CLANG_WARN__DUPLICATE_METHOD_MATCH = YES;
				"CODE_SIGN_IDENTITY[sdk=iphoneos*]" = "iPhone Developer";
				COPY_PHASE_STRIP = YES;
				ENABLE_NS_ASSERTIONS = NO;
				ENABLE_STRICT_OBJC_MSGSEND = YES;
				GCC_C_LANGUAGE_STANDARD = gnu99;
				GCC_WARN_64_TO_32_BIT_CONVERSION = YES;
				GCC_WARN_ABOUT_RETURN_TYPE = YES_ERROR;
				GCC_WARN_UNDECLARED_SELECTOR = YES;
				GCC_WARN_UNINITIALIZED_AUTOS = YES_AGGRESSIVE;
				GCC_WARN_UNUSED_FUNCTION = YES;
				GCC_WARN_UNUSED_VARIABLE = YES;
				IPHONEOS_DEPLOYMENT_TARGET = 8.0;
				MTL_ENABLE_DEBUG_INFO = NO;
				SDKROOT = iphoneos;
				VALIDATE_PRODUCT = YES;
			};
			name = Release;
		};
		926C74B119B763A600FD2A97 /* Debug */ = {
			isa = XCBuildConfiguration;
			baseConfigurationReference = 79677C08E4D34A549058351A /* Pods-TuduList.xcconfig */;
			buildSettings = {
				ASSETCATALOG_COMPILER_APPICON_NAME = AppIcon;
				ASSETCATALOG_COMPILER_LAUNCHIMAGE_NAME = LaunchImage;
				CLANG_ENABLE_MODULES = YES;
				INFOPLIST_FILE = TuduList/Info.plist;
				IPHONEOS_DEPLOYMENT_TARGET = 7.1;
				LD_RUNPATH_SEARCH_PATHS = "$(inherited) @executable_path/Frameworks";
				PRODUCT_NAME = "$(TARGET_NAME)";
				SWIFT_OBJC_BRIDGING_HEADER = "TuduList/TuduList-Bridging-Header.h";
				SWIFT_OPTIMIZATION_LEVEL = "-Onone";
			};
			name = Debug;
		};
		926C74B219B763A600FD2A97 /* Release */ = {
			isa = XCBuildConfiguration;
			baseConfigurationReference = 79677C08E4D34A549058351A /* Pods-TuduList.xcconfig */;
			buildSettings = {
				ASSETCATALOG_COMPILER_APPICON_NAME = AppIcon;
				ASSETCATALOG_COMPILER_LAUNCHIMAGE_NAME = LaunchImage;
				CLANG_ENABLE_MODULES = YES;
				INFOPLIST_FILE = TuduList/Info.plist;
				IPHONEOS_DEPLOYMENT_TARGET = 7.1;
				LD_RUNPATH_SEARCH_PATHS = "$(inherited) @executable_path/Frameworks";
				PRODUCT_NAME = "$(TARGET_NAME)";
				SWIFT_OBJC_BRIDGING_HEADER = "TuduList/TuduList-Bridging-Header.h";
			};
			name = Release;
		};
		926C74B419B763A600FD2A97 /* Debug */ = {
			isa = XCBuildConfiguration;
			buildSettings = {
				BUNDLE_LOADER = "$(TEST_HOST)";
				FRAMEWORK_SEARCH_PATHS = (
					"$(SDKROOT)/Developer/Library/Frameworks",
					"$(inherited)",
				);
				GCC_PREPROCESSOR_DEFINITIONS = (
					"DEBUG=1",
					"$(inherited)",
				);
				INFOPLIST_FILE = TuduListTests/Info.plist;
				LD_RUNPATH_SEARCH_PATHS = "$(inherited) @executable_path/Frameworks @loader_path/Frameworks";
				PRODUCT_NAME = "$(TARGET_NAME)";
				TEST_HOST = "$(BUILT_PRODUCTS_DIR)/TuduList.app/TuduList";
			};
			name = Debug;
		};
		926C74B519B763A600FD2A97 /* Release */ = {
			isa = XCBuildConfiguration;
			buildSettings = {
				BUNDLE_LOADER = "$(TEST_HOST)";
				FRAMEWORK_SEARCH_PATHS = (
					"$(SDKROOT)/Developer/Library/Frameworks",
					"$(inherited)",
				);
				INFOPLIST_FILE = TuduListTests/Info.plist;
				LD_RUNPATH_SEARCH_PATHS = "$(inherited) @executable_path/Frameworks @loader_path/Frameworks";
				PRODUCT_NAME = "$(TARGET_NAME)";
				TEST_HOST = "$(BUILT_PRODUCTS_DIR)/TuduList.app/TuduList";
			};
			name = Release;
		};
/* End XCBuildConfiguration section */

/* Begin XCConfigurationList section */
		926C748F19B763A500FD2A97 /* Build configuration list for PBXProject "TuduList" */ = {
			isa = XCConfigurationList;
			buildConfigurations = (
				926C74AE19B763A600FD2A97 /* Debug */,
				926C74AF19B763A600FD2A97 /* Release */,
			);
			defaultConfigurationIsVisible = 0;
			defaultConfigurationName = Release;
		};
		926C74B019B763A600FD2A97 /* Build configuration list for PBXNativeTarget "TuduList" */ = {
			isa = XCConfigurationList;
			buildConfigurations = (
				926C74B119B763A600FD2A97 /* Debug */,
				926C74B219B763A600FD2A97 /* Release */,
			);
			defaultConfigurationIsVisible = 0;
			defaultConfigurationName = Release;
		};
		926C74B319B763A600FD2A97 /* Build configuration list for PBXNativeTarget "TuduListTests" */ = {
			isa = XCConfigurationList;
			buildConfigurations = (
				926C74B419B763A600FD2A97 /* Debug */,
				926C74B519B763A600FD2A97 /* Release */,
			);
			defaultConfigurationIsVisible = 0;
			defaultConfigurationName = Release;
		};
/* End XCConfigurationList section */

/* Begin XCVersionGroup section */
		928CF1B319E34D930070FD29 /* DataModel.xcdatamodeld */ = {
			isa = XCVersionGroup;
			children = (
				928CF1B419E34D930070FD29 /* DataModel.xcdatamodel */,
			);
			currentVersion = 928CF1B419E34D930070FD29 /* DataModel.xcdatamodel */;
			path = DataModel.xcdatamodeld;
			sourceTree = "<group>";
			versionGroupType = wrapper.xcdatamodel;
		};
/* End XCVersionGroup section */
	};
	rootObject = 926C748C19B763A500FD2A97 /* Project object */;
}
